{
  "name": "next_again",
  "version": "1.0.0",
  "lockfileVersion": 1,
  "requires": true,
  "dependencies": {
    "@types/minimist": {
      "version": "1.2.0",
      "resolved": "https://registry.npm.taobao.org/@types/minimist/download/@types/minimist-1.2.0.tgz?cache=0&other_urls=https%3A%2F%2Fregistry.npm.taobao.org%2F%40types%2Fminimist%2Fdownload%2F%40types%2Fminimist-1.2.0.tgz",
      "integrity": "sha1-aaI6OtKcrwCX8G7aWbNh7i8GOfY="
    },
    "@types/node": {
      "version": "14.0.11",
      "resolved": "https://registry.npm.taobao.org/@types/node/download/@types/node-14.0.11.tgz?cache=0&sync_timestamp=1591304655802&other_urls=https%3A%2F%2Fregistry.npm.taobao.org%2F%40types%2Fnode%2Fdownload%2F%40types%2Fnode-14.0.11.tgz",
      "integrity": "sha1-YdSIbiQk2nO3slVH9Z/ctTTBZaM=",
      "dev": true
    },
    "minimist": {
      "version": "1.2.5",
      "resolved": "https://registry.npm.taobao.org/minimist/download/minimist-1.2.5.tgz",
      "integrity": "sha1-Z9ZgFLZqaoqqDAg8X9WN9OTpdgI="
    }
  }
}
